// !$*UTF8*$!
{
	archiveVersion = 1;
	classes = {
	};
	objectVersion = 46;
	objects = {

/* Begin PBXBuildFile section */
		C73F96541F0C3E3F00401E74 /* image.cpp in Sources */ = {isa = PBXBuildFile; fileRef = C73F96521F0C3E3F00401E74 /* image.cpp */; };
		C73F96591F0C428800401E74 /* image.cpp in Sources */ = {isa = PBXBuildFile; fileRef = C73F96581F0C428800401E74 /* image.cpp */; };
		C73F965C1F0C55A300401E74 /* libjpeg.9.dylib in Frameworks */ = {isa = PBXBuildFile; fileRef = C73F965B1F0C55A300401E74 /* libjpeg.9.dylib */; };
/* End PBXBuildFile section */

/* Begin PBXCopyFilesBuildPhase section */
		C73F96451F0C3DFC00401E74 /* CopyFiles */ = {
			isa = PBXCopyFilesBuildPhase;
			buildActionMask = 2147483647;
			dstPath = /usr/share/man/man1/;
			dstSubfolderSpec = 0;
			files = (
			);
			runOnlyForDeploymentPostprocessing = 1;
		};
/* End PBXCopyFilesBuildPhase section */

/* Begin PBXFileReference section */
		C73F96471F0C3DFC00401E74 /* open3DCV_test */ = {isa = PBXFileReference; explicitFileType = "compiled.mach-o.executable"; includeInIndex = 0; path = open3DCV_test; sourceTree = BUILT_PRODUCTS_DIR; };
		C73F96521F0C3E3F00401E74 /* image.cpp */ = {isa = PBXFileReference; fileEncoding = 4; lastKnownFileType = sourcecode.cpp.cpp; name = image.cpp; path = ../src/image/image.cpp; sourceTree = "<group>"; };
		C73F96531F0C3E3F00401E74 /* image.hpp */ = {isa = PBXFileReference; fileEncoding = 4; lastKnownFileType = sourcecode.cpp.h; name = image.hpp; path = ../src/image/image.hpp; sourceTree = "<group>"; };
		C73F96581F0C428800401E74 /* image.cpp */ = {isa = PBXFileReference; fileEncoding = 4; lastKnownFileType = sourcecode.cpp.cpp; name = image.cpp; path = ../../test/image.cpp; sourceTree = "<group>"; };
		C73F965B1F0C55A300401E74 /* libjpeg.9.dylib */ = {isa = PBXFileReference; lastKnownFileType = "compiled.mach-o.dylib"; name = libjpeg.9.dylib; path = ../../../../../../opt/local/lib/libjpeg.9.dylib; sourceTree = "<group>"; };
/* End PBXFileReference section */

/* Begin PBXFrameworksBuildPhase section */
		C73F96441F0C3DFC00401E74 /* Frameworks */ = {
			isa = PBXFrameworksBuildPhase;
			buildActionMask = 2147483647;
			files = (
				C73F965C1F0C55A300401E74 /* libjpeg.9.dylib in Frameworks */,
			);
			runOnlyForDeploymentPostprocessing = 0;
		};
/* End PBXFrameworksBuildPhase section */

/* Begin PBXGroup section */
		C73F963E1F0C3DFC00401E74 = {
			isa = PBXGroup;
			children = (
				C73F96551F0C424F00401E74 /* open3DCV_test */,
				C73F96511F0C3E2800401E74 /* Image */,
				C73F96481F0C3DFC00401E74 /* Products */,
				C73F965A1F0C55A300401E74 /* Frameworks */,
			);
			sourceTree = "<group>";
		};
		C73F96481F0C3DFC00401E74 /* Products */ = {
			isa = PBXGroup;
			children = (
				C73F96471F0C3DFC00401E74 /* open3DCV_test */,
			);
			name = Products;
			sourceTree = "<group>";
		};
		C73F96511F0C3E2800401E74 /* Image */ = {
			isa = PBXGroup;
			children = (
				C73F96521F0C3E3F00401E74 /* image.cpp */,
				C73F96531F0C3E3F00401E74 /* image.hpp */,
			);
			name = Image;
			sourceTree = "<group>";
		};
		C73F96551F0C424F00401E74 /* open3DCV_test */ = {
			isa = PBXGroup;
			children = (
				C73F96581F0C428800401E74 /* image.cpp */,
			);
			path = open3DCV_test;
			sourceTree = "<group>";
		};
		C73F965A1F0C55A300401E74 /* Frameworks */ = {
			isa = PBXGroup;
			children = (
				C73F965B1F0C55A300401E74 /* libjpeg.9.dylib */,
			);
			name = Frameworks;
			sourceTree = "<group>";
		};
/* End PBXGroup section */

/* Begin PBXNativeTarget section */
		C73F96461F0C3DFC00401E74 /* open3DCV_test */ = {
			isa = PBXNativeTarget;
			buildConfigurationList = C73F964E1F0C3DFC00401E74 /* Build configuration list for PBXNativeTarget "open3DCV_test" */;
			buildPhases = (
				C73F96431F0C3DFC00401E74 /* Sources */,
				C73F96441F0C3DFC00401E74 /* Frameworks */,
				C73F96451F0C3DFC00401E74 /* CopyFiles */,
			);
			buildRules = (
			);
			dependencies = (
			);
			name = open3DCV_test;
			productName = open3DCV_test;
			productReference = C73F96471F0C3DFC00401E74 /* open3DCV_test */;
			productType = "com.apple.product-type.tool";
		};
/* End PBXNativeTarget section */

/* Begin PBXProject section */
		C73F963F1F0C3DFC00401E74 /* Project object */ = {
			isa = PBXProject;
			attributes = {
				LastUpgradeCheck = 0830;
				ORGANIZATIONNAME = KaiWu;
				TargetAttributes = {
					C73F96461F0C3DFC00401E74 = {
						CreatedOnToolsVersion = 8.3.3;
						ProvisioningStyle = Automatic;
					};
				};
			};
			buildConfigurationList = C73F96421F0C3DFC00401E74 /* Build configuration list for PBXProject "open3DCV_test" */;
			compatibilityVersion = "Xcode 3.2";
			developmentRegion = English;
			hasScannedForEncodings = 0;
			knownRegions = (
				en,
			);
			mainGroup = C73F963E1F0C3DFC00401E74;
			productRefGroup = C73F96481F0C3DFC00401E74 /* Products */;
			projectDirPath = "";
			projectRoot = "";
			targets = (
				C73F96461F0C3DFC00401E74 /* open3DCV_test */,
			);
		};
/* End PBXProject section */

/* Begin PBXSourcesBuildPhase section */
		C73F96431F0C3DFC00401E74 /* Sources */ = {
			isa = PBXSourcesBuildPhase;
			buildActionMask = 2147483647;
			files = (
				C73F96541F0C3E3F00401E74 /* image.cpp in Sources */,
				C73F96591F0C428800401E74 /* image.cpp in Sources */,
			);
			runOnlyForDeploymentPostprocessing = 0;
		};
/* End PBXSourcesBuildPhase section */

/* Begin XCBuildConfiguration section */
		C73F964C1F0C3DFC00401E74 /* Debug */ = {
			isa = XCBuildConfiguration;
			buildSettings = {
				ALWAYS_SEARCH_USER_PATHS = NO;
				CLANG_ANALYZER_NONNULL = YES;
				CLANG_ANALYZER_NUMBER_OBJECT_CONVERSION = YES_AGGRESSIVE;
				CLANG_CXX_LANGUAGE_STANDARD = "gnu++0x";
				CLANG_CXX_LIBRARY = "libc++";
				CLANG_ENABLE_MODULES = YES;
				CLANG_ENABLE_OBJC_ARC = YES;
				CLANG_WARN_BOOL_CONVERSION = YES;
				CLANG_WARN_CONSTANT_CONVERSION = YES;
				CLANG_WARN_DIRECT_OBJC_ISA_USAGE = YES_ERROR;
				CLANG_WARN_DOCUMENTATION_COMMENTS = YES;
				CLANG_WARN_EMPTY_BODY = YES;
				CLANG_WARN_ENUM_CONVERSION = YES;
				CLANG_WARN_INFINITE_RECURSION = YES;
				CLANG_WARN_INT_CONVERSION = YES;
				CLANG_WARN_OBJC_ROOT_CLASS = YES_ERROR;
				CLANG_WARN_SUSPICIOUS_MOVE = YES;
				CLANG_WARN_UNREACHABLE_CODE = YES;
				CLANG_WARN__DUPLICATE_METHOD_MATCH = YES;
				CODE_SIGN_IDENTITY = "-";
				COPY_PHASE_STRIP = NO;
				DEBUG_INFORMATION_FORMAT = dwarf;
				ENABLE_STRICT_OBJC_MSGSEND = YES;
				ENABLE_TESTABILITY = YES;
				GCC_C_LANGUAGE_STANDARD = gnu99;
				GCC_DYNAMIC_NO_PIC = NO;
				GCC_NO_COMMON_BLOCKS = YES;
				GCC_OPTIMIZATION_LEVEL = 0;
				GCC_PREPROCESSOR_DEFINITIONS = (
					"DEBUG=1",
					"$(inherited)",
				);
				GCC_WARN_64_TO_32_BIT_CONVERSION = YES;
				GCC_WARN_ABOUT_RETURN_TYPE = YES_ERROR;
				GCC_WARN_UNDECLARED_SELECTOR = YES;
				GCC_WARN_UNINITIALIZED_AUTOS = YES_AGGRESSIVE;
				GCC_WARN_UNUSED_FUNCTION = YES;
				GCC_WARN_UNUSED_VARIABLE = YES;
				MACOSX_DEPLOYMENT_TARGET = 10.12;
				MTL_ENABLE_DEBUG_INFO = YES;
				ONLY_ACTIVE_ARCH = YES;
				SDKROOT = macosx;
			};
			name = Debug;
		};
		C73F964D1F0C3DFC00401E74 /* Release */ = {
			isa = XCBuildConfiguration;
			buildSettings = {
				ALWAYS_SEARCH_USER_PATHS = NO;
				CLANG_ANALYZER_NONNULL = YES;
				CLANG_ANALYZER_NUMBER_OBJECT_CONVERSION = YES_AGGRESSIVE;
				CLANG_CXX_LANGUAGE_STANDARD = "gnu++0x";
				CLANG_CXX_LIBRARY = "libc++";
				CLANG_ENABLE_MODULES = YES;
				CLANG_ENABLE_OBJC_ARC = YES;
				CLANG_WARN_BOOL_CONVERSION = YES;
				CLANG_WARN_CONSTANT_CONVERSION = YES;
				CLANG_WARN_DIRECT_OBJC_ISA_USAGE = YES_ERROR;
				CLANG_WARN_DOCUMENTATION_COMMENTS = YES;
				CLANG_WARN_EMPTY_BODY = YES;
				CLANG_WARN_ENUM_CONVERSION = YES;
				CLANG_WARN_INFINITE_RECURSION = YES;
				CLANG_WARN_INT_CONVERSION = YES;
				CLANG_WARN_OBJC_ROOT_CLASS = YES_ERROR;
				CLANG_WARN_SUSPICIOUS_MOVE = YES;
				CLANG_WARN_UNREACHABLE_CODE = YES;
				CLANG_WARN__DUPLICATE_METHOD_MATCH = YES;
				CODE_SIGN_IDENTITY = "-";
				COPY_PHASE_STRIP = NO;
				DEBUG_INFORMATION_FORMAT = "dwarf-with-dsym";
				ENABLE_NS_ASSERTIONS = NO;
				ENABLE_STRICT_OBJC_MSGSEND = YES;
				GCC_C_LANGUAGE_STANDARD = gnu99;
				GCC_NO_COMMON_BLOCKS = YES;
				GCC_WARN_64_TO_32_BIT_CONVERSION = YES;
				GCC_WARN_ABOUT_RETURN_TYPE = YES_ERROR;
				GCC_WARN_UNDECLARED_SELECTOR = YES;
				GCC_WARN_UNINITIALIZED_AUTOS = YES_AGGRESSIVE;
				GCC_WARN_UNUSED_FUNCTION = YES;
				GCC_WARN_UNUSED_VARIABLE = YES;
				MACOSX_DEPLOYMENT_TARGET = 10.12;
				MTL_ENABLE_DEBUG_INFO = NO;
				SDKROOT = macosx;
			};
			name = Release;
		};
		C73F964F1F0C3DFC00401E74 /* Debug */ = {
			isa = XCBuildConfiguration;
			buildSettings = {
				HEADER_SEARCH_PATHS = (
					"$(EIGEN)",
					/Users/BlacKay/Documents/Projects/open3DCV/dependency/CImg,
					"$(JPEG)",
					/opt/X11/include/,
				);
				LIBRARY_SEARCH_PATHS = (
					/opt/X11/lib,
					"$(JPEG_LIB)",
				);
				PRODUCT_NAME = "$(TARGET_NAME)";
			};
			name = Debug;
		};
		C73F96501F0C3DFC00401E74 /* Release */ = {
			isa = XCBuildConfiguration;
			buildSettings = {
				HEADER_SEARCH_PATHS = (
					"$(EIGEN)",
					/Users/BlacKay/Documents/Projects/open3DCV/dependency/CImg,
					"$(JPEG)",
					/opt/X11/include/,
				);
				LIBRARY_SEARCH_PATHS = (
					/opt/X11/lib,
					"$(JPEG_LIB)",
				);
				PRODUCT_NAME = "$(TARGET_NAME)";
			};
			name = Release;
		};
/* End XCBuildConfiguration section */

/* Begin XCConfigurationList section */
		C73F96421F0C3DFC00401E74 /* Build configuration list for PBXProject "open3DCV_test" */ = {
			isa = XCConfigurationList;
			buildConfigurations = (
				C73F964C1F0C3DFC00401E74 /* Debug */,
				C73F964D1F0C3DFC00401E74 /* Release */,
			);
			defaultConfigurationIsVisible = 0;
			defaultConfigurationName = Release;
		};
		C73F964E1F0C3DFC00401E74 /* Build configuration list for PBXNativeTarget "open3DCV_test" */ = {
			isa = XCConfigurationList;
			buildConfigurations = (
				C73F964F1F0C3DFC00401E74 /* Debug */,
				C73F96501F0C3DFC00401E74 /* Release */,
			);
			defaultConfigurationIsVisible = 0;
		};
/* End XCConfigurationList section */
	};
	rootObject = C73F963F1F0C3DFC00401E74 /* Project object */;
}
